// !$*UTF8*$!
{
	archiveVersion = 1;
	classes = {
	};
	objectVersion = 46;
	objects = {

/* Begin PBXBuildFile section */
		CCA07AD619B56E9400F874B2 /* 主导航-个人页-press.png in Resources */ = {isa = PBXBuildFile; fileRef = CCA07AD519B56E9400F874B2 /* 主导航-个人页-press.png */; };
		CCE0EDF119B0453900DE2E0B /* Foundation.framework in Frameworks */ = {isa = PBXBuildFile; fileRef = CCE0EDF019B0453900DE2E0B /* Foundation.framework */; };
		CCE0EDF319B0453900DE2E0B /* CoreGraphics.framework in Frameworks */ = {isa = PBXBuildFile; fileRef = CCE0EDF219B0453900DE2E0B /* CoreGraphics.framework */; };
		CCE0EDF519B0453900DE2E0B /* UIKit.framework in Frameworks */ = {isa = PBXBuildFile; fileRef = CCE0EDF419B0453900DE2E0B /* UIKit.framework */; };
		CCE0EDFB19B0453900DE2E0B /* InfoPlist.strings in Resources */ = {isa = PBXBuildFile; fileRef = CCE0EDF919B0453900DE2E0B /* InfoPlist.strings */; };
		CCE0EDFD19B0453900DE2E0B /* main.m in Sources */ = {isa = PBXBuildFile; fileRef = CCE0EDFC19B0453900DE2E0B /* main.m */; };
		CCE0EE0119B0453900DE2E0B /* SunAppDelegate.m in Sources */ = {isa = PBXBuildFile; fileRef = CCE0EE0019B0453900DE2E0B /* SunAppDelegate.m */; };
		CCE0EE0319B0453900DE2E0B /* Images.xcassets in Resources */ = {isa = PBXBuildFile; fileRef = CCE0EE0219B0453900DE2E0B /* Images.xcassets */; };
		CCE0EE0A19B0453900DE2E0B /* XCTest.framework in Frameworks */ = {isa = PBXBuildFile; fileRef = CCE0EE0919B0453900DE2E0B /* XCTest.framework */; };
		CCE0EE0B19B0453900DE2E0B /* Foundation.framework in Frameworks */ = {isa = PBXBuildFile; fileRef = CCE0EDF019B0453900DE2E0B /* Foundation.framework */; };
		CCE0EE0C19B0453900DE2E0B /* UIKit.framework in Frameworks */ = {isa = PBXBuildFile; fileRef = CCE0EDF419B0453900DE2E0B /* UIKit.framework */; };
		CCE0EE1419B0453900DE2E0B /* InfoPlist.strings in Resources */ = {isa = PBXBuildFile; fileRef = CCE0EE1219B0453900DE2E0B /* InfoPlist.strings */; };
		CCE0EE1619B0453900DE2E0B /* rtlabelTests.m in Sources */ = {isa = PBXBuildFile; fileRef = CCE0EE1519B0453900DE2E0B /* rtlabelTests.m */; };
		CCE0EE2119B0455D00DE2E0B /* SunViewController.m in Sources */ = {isa = PBXBuildFile; fileRef = CCE0EE2019B0455D00DE2E0B /* SunViewController.m */; };
		CCE0EE2419B046F000DE2E0B /* RTLabel.m in Sources */ = {isa = PBXBuildFile; fileRef = CCE0EE2319B046F000DE2E0B /* RTLabel.m */; };
/* End PBXBuildFile section */

/* Begin PBXContainerItemProxy section */
		CCE0EE0D19B0453900DE2E0B /* PBXContainerItemProxy */ = {
			isa = PBXContainerItemProxy;
			containerPortal = CCE0EDE519B0453900DE2E0B /* Project object */;
			proxyType = 1;
			remoteGlobalIDString = CCE0EDEC19B0453900DE2E0B;
			remoteInfo = rtlabel;
		};
/* End PBXContainerItemProxy section */

/* Begin PBXFileReference section */
		CCA07AD519B56E9400F874B2 /* 主导航-个人页-press.png */ = {isa = PBXFileReference; lastKnownFileType = image.png; path = "主导航-个人页-press.png"; sourceTree = "<group>"; };
		CCE0EDED19B0453900DE2E0B /* rtlabel.app */ = {isa = PBXFileReference; explicitFileType = wrapper.application; includeInIndex = 0; path = rtlabel.app; sourceTree = BUILT_PRODUCTS_DIR; };
		CCE0EDF019B0453900DE2E0B /* Foundation.framework */ = {isa = PBXFileReference; lastKnownFileType = wrapper.framework; name = Foundation.framework; path = System/Library/Frameworks/Foundation.framework; sourceTree = SDKROOT; };
		CCE0EDF219B0453900DE2E0B /* CoreGraphics.framework */ = {isa = PBXFileReference; lastKnownFileType = wrapper.framework; name = CoreGraphics.framework; path = System/Library/Frameworks/CoreGraphics.framework; sourceTree = SDKROOT; };
		CCE0EDF419B0453900DE2E0B /* UIKit.framework */ = {isa = PBXFileReference; lastKnownFileType = wrapper.framework; name = UIKit.framework; path = System/Library/Frameworks/UIKit.framework; sourceTree = SDKROOT; };
		CCE0EDF819B0453900DE2E0B /* rtlabel-Info.plist */ = {isa = PBXFileReference; lastKnownFileType = text.plist.xml; path = "rtlabel-Info.plist"; sourceTree = "<group>"; };
		CCE0EDFA19B0453900DE2E0B /* en */ = {isa = PBXFileReference; lastKnownFileType = text.plist.strings; name = en; path = en.lproj/InfoPlist.strings; sourceTree = "<group>"; };
		CCE0EDFC19B0453900DE2E0B /* main.m */ = {isa = PBXFileReference; lastKnownFileType = sourcecode.c.objc; path = main.m; sourceTree = "<group>"; };
		CCE0EDFE19B0453900DE2E0B /* rtlabel-Prefix.pch */ = {isa = PBXFileReference; lastKnownFileType = sourcecode.c.h; path = "rtlabel-Prefix.pch"; sourceTree = "<group>"; };
		CCE0EDFF19B0453900DE2E0B /* SunAppDelegate.h */ = {isa = PBXFileReference; lastKnownFileType = sourcecode.c.h; path = SunAppDelegate.h; sourceTree = "<group>"; };
		CCE0EE0019B0453900DE2E0B /* SunAppDelegate.m */ = {isa = PBXFileReference; lastKnownFileType = sourcecode.c.objc; path = SunAppDelegate.m; sourceTree = "<group>"; };
		CCE0EE0219B0453900DE2E0B /* Images.xcassets */ = {isa = PBXFileReference; lastKnownFileType = folder.assetcatalog; path = Images.xcassets; sourceTree = "<group>"; };
		CCE0EE0819B0453900DE2E0B /* rtlabelTests.xctest */ = {isa = PBXFileReference; explicitFileType = wrapper.cfbundle; includeInIndex = 0; path = rtlabelTests.xctest; sourceTree = BUILT_PRODUCTS_DIR; };
		CCE0EE0919B0453900DE2E0B /* XCTest.framework */ = {isa = PBXFileReference; lastKnownFileType = wrapper.framework; name = XCTest.framework; path = Library/Frameworks/XCTest.framework; sourceTree = DEVELOPER_DIR; };
		CCE0EE1119B0453900DE2E0B /* rtlabelTests-Info.plist */ = {isa = PBXFileReference; lastKnownFileType = text.plist.xml; path = "rtlabelTests-Info.plist"; sourceTree = "<group>"; };
		CCE0EE1319B0453900DE2E0B /* en */ = {isa = PBXFileReference; lastKnownFileType = text.plist.strings; name = en; path = en.lproj/InfoPlist.strings; sourceTree = "<group>"; };
		CCE0EE1519B0453900DE2E0B /* rtlabelTests.m */ = {isa = PBXFileReference; lastKnownFileType = sourcecode.c.objc; path = rtlabelTests.m; sourceTree = "<group>"; };
		CCE0EE1F19B0455D00DE2E0B /* SunViewController.h */ = {isa = PBXFileReference; fileEncoding = 4; lastKnownFileType = sourcecode.c.h; path = SunViewController.h; sourceTree = "<group>"; };
		CCE0EE2019B0455D00DE2E0B /* SunViewController.m */ = {isa = PBXFileReference; fileEncoding = 4; lastKnownFileType = sourcecode.c.objc; path = SunViewController.m; sourceTree = "<group>"; };
		CCE0EE2219B046F000DE2E0B /* RTLabel.h */ = {isa = PBXFileReference; fileEncoding = 4; lastKnownFileType = sourcecode.c.h; path = RTLabel.h; sourceTree = "<group>"; };
		CCE0EE2319B046F000DE2E0B /* RTLabel.m */ = {isa = PBXFileReference; fileEncoding = 4; lastKnownFileType = sourcecode.c.objc; path = RTLabel.m; sourceTree = "<group>"; };
/* End PBXFileReference section */

/* Begin PBXFrameworksBuildPhase section */
		CCE0EDEA19B0453900DE2E0B /* Frameworks */ = {
			isa = PBXFrameworksBuildPhase;
			buildActionMask = 2147483647;
			files = (
				CCE0EDF319B0453900DE2E0B /* CoreGraphics.framework in Frameworks */,
				CCE0EDF519B0453900DE2E0B /* UIKit.framework in Frameworks */,
				CCE0EDF119B0453900DE2E0B /* Foundation.framework in Frameworks */,
			);
			runOnlyForDeploymentPostprocessing = 0;
		};
		CCE0EE0519B0453900DE2E0B /* Frameworks */ = {
			isa = PBXFrameworksBuildPhase;
			buildActionMask = 2147483647;
			files = (
				CCE0EE0A19B0453900DE2E0B /* XCTest.framework in Frameworks */,
				CCE0EE0C19B0453900DE2E0B /* UIKit.framework in Frameworks */,
				CCE0EE0B19B0453900DE2E0B /* Foundation.framework in Frameworks */,
			);
			runOnlyForDeploymentPostprocessing = 0;
		};
/* End PBXFrameworksBuildPhase section */

/* Begin PBXGroup section */
		CCE0EDE419B0453900DE2E0B = {
			isa = PBXGroup;
			children = (
				CCE0EDF619B0453900DE2E0B /* rtlabel */,
				CCE0EE0F19B0453900DE2E0B /* rtlabelTests */,
				CCE0EDEF19B0453900DE2E0B /* Frameworks */,
				CCE0EDEE19B0453900DE2E0B /* Products */,
			);
			sourceTree = "<group>";
		};
		CCE0EDEE19B0453900DE2E0B /* Products */ = {
			isa = PBXGroup;
			children = (
				CCE0EDED19B0453900DE2E0B /* rtlabel.app */,
				CCE0EE0819B0453900DE2E0B /* rtlabelTests.xctest */,
			);
			name = Products;
			sourceTree = "<group>";
		};
		CCE0EDEF19B0453900DE2E0B /* Frameworks */ = {
			isa = PBXGroup;
			children = (
				CCE0EDF019B0453900DE2E0B /* Foundation.framework */,
				CCE0EDF219B0453900DE2E0B /* CoreGraphics.framework */,
				CCE0EDF419B0453900DE2E0B /* UIKit.framework */,
				CCE0EE0919B0453900DE2E0B /* XCTest.framework */,
			);
			name = Frameworks;
			sourceTree = "<group>";
		};
		CCE0EDF619B0453900DE2E0B /* rtlabel */ = {
			isa = PBXGroup;
			children = (
				CCE0EE2219B046F000DE2E0B /* RTLabel.h */,
				CCE0EE2319B046F000DE2E0B /* RTLabel.m */,
				CCE0EDFF19B0453900DE2E0B /* SunAppDelegate.h */,
				CCE0EE0019B0453900DE2E0B /* SunAppDelegate.m */,
				CCE0EE1F19B0455D00DE2E0B /* SunViewController.h */,
				CCE0EE2019B0455D00DE2E0B /* SunViewController.m */,
				CCA07AD519B56E9400F874B2 /* 主导航-个人页-press.png */,
				CCE0EE0219B0453900DE2E0B /* Images.xcassets */,
				CCE0EDF719B0453900DE2E0B /* Supporting Files */,
			);
			path = rtlabel;
			sourceTree = "<group>";
		};
		CCE0EDF719B0453900DE2E0B /* Supporting Files */ = {
			isa = PBXGroup;
			children = (
				CCE0EDF819B0453900DE2E0B /* rtlabel-Info.plist */,
				CCE0EDF919B0453900DE2E0B /* InfoPlist.strings */,
				CCE0EDFC19B0453900DE2E0B /* main.m */,
				CCE0EDFE19B0453900DE2E0B /* rtlabel-Prefix.pch */,
			);
			name = "Supporting Files";
			sourceTree = "<group>";
		};
		CCE0EE0F19B0453900DE2E0B /* rtlabelTests */ = {
			isa = PBXGroup;
			children = (
				CCE0EE1519B0453900DE2E0B /* rtlabelTests.m */,
				CCE0EE1019B0453900DE2E0B /* Supporting Files */,
			);
			path = rtlabelTests;
			sourceTree = "<group>";
		};
		CCE0EE1019B0453900DE2E0B /* Supporting Files */ = {
			isa = PBXGroup;
			children = (
				CCE0EE1119B0453900DE2E0B /* rtlabelTests-Info.plist */,
				CCE0EE1219B0453900DE2E0B /* InfoPlist.strings */,
			);
			name = "Supporting Files";
			sourceTree = "<group>";
		};
/* End PBXGroup section */

/* Begin PBXNativeTarget section */
		CCE0EDEC19B0453900DE2E0B /* rtlabel */ = {
			isa = PBXNativeTarget;
			buildConfigurationList = CCE0EE1919B0453900DE2E0B /* Build configuration list for PBXNativeTarget "rtlabel" */;
			buildPhases = (
				CCE0EDE919B0453900DE2E0B /* Sources */,
				CCE0EDEA19B0453900DE2E0B /* Frameworks */,
				CCE0EDEB19B0453900DE2E0B /* Resources */,
			);
			buildRules = (
			);
			dependencies = (
			);
			name = rtlabel;
			productName = rtlabel;
			productReference = CCE0EDED19B0453900DE2E0B /* rtlabel.app */;
			productType = "com.apple.product-type.application";
		};
		CCE0EE0719B0453900DE2E0B /* rtlabelTests */ = {
			isa = PBXNativeTarget;
			buildConfigurationList = CCE0EE1C19B0453900DE2E0B /* Build configuration list for PBXNativeTarget "rtlabelTests" */;
			buildPhases = (
				CCE0EE0419B0453900DE2E0B /* Sources */,
				CCE0EE0519B0453900DE2E0B /* Frameworks */,
				CCE0EE0619B0453900DE2E0B /* Resources */,
			);
			buildRules = (
			);
			dependencies = (
				CCE0EE0E19B0453900DE2E0B /* PBXTargetDependency */,
			);
			name = rtlabelTests;
			productName = rtlabelTests;
			productReference = CCE0EE0819B0453900DE2E0B /* rtlabelTests.xctest */;
			productType = "com.apple.product-type.bundle.unit-test";
		};
/* End PBXNativeTarget section */

/* Begin PBXProject section */
		CCE0EDE519B0453900DE2E0B /* Project object */ = {
			isa = PBXProject;
			attributes = {
				CLASSPREFIX = Sun;
				LastUpgradeCheck = 0510;
				ORGANIZATIONNAME = qingyun;
				TargetAttributes = {
					CCE0EE0719B0453900DE2E0B = {
						TestTargetID = CCE0EDEC19B0453900DE2E0B;
					};
				};
			};
			buildConfigurationList = CCE0EDE819B0453900DE2E0B /* Build configuration list for PBXProject "rtlabel" */;
			compatibilityVersion = "Xcode 3.2";
			developmentRegion = English;
			hasScannedForEncodings = 0;
			knownRegions = (
				en,
			);
			mainGroup = CCE0EDE419B0453900DE2E0B;
			productRefGroup = CCE0EDEE19B0453900DE2E0B /* Products */;
			projectDirPath = "";
			projectRoot = "";
			targets = (
				CCE0EDEC19B0453900DE2E0B /* rtlabel */,
				CCE0EE0719B0453900DE2E0B /* rtlabelTests */,
			);
		};
/* End PBXProject section */

/* Begin PBXResourcesBuildPhase section */
		CCE0EDEB19B0453900DE2E0B /* Resources */ = {
			isa = PBXResourcesBuildPhase;
			buildActionMask = 2147483647;
			files = (
				CCA07AD619B56E9400F874B2 /* 主导航-个人页-press.png in Resources */,
				CCE0EDFB19B0453900DE2E0B /* InfoPlist.strings in Resources */,
				CCE0EE0319B0453900DE2E0B /* Images.xcassets in Resources */,
			);
			runOnlyForDeploymentPostprocessing = 0;
		};
		CCE0EE0619B0453900DE2E0B /* Resources */ = {
			isa = PBXResourcesBuildPhase;
			buildActionMask = 2147483647;
			files = (
				CCE0EE1419B0453900DE2E0B /* InfoPlist.strings in Resources */,
			);
			runOnlyForDeploymentPostprocessing = 0;
		};
/* End PBXResourcesBuildPhase section */

/* Begin PBXSourcesBuildPhase section */
		CCE0EDE919B0453900DE2E0B /* Sources */ = {
			isa = PBXSourcesBuildPhase;
			buildActionMask = 2147483647;
			files = (
				CCE0EDFD19B0453900DE2E0B /* main.m in Sources */,
				CCE0EE0119B0453900DE2E0B /* SunAppDelegate.m in Sources */,
				CCE0EE2419B046F000DE2E0B /* RTLabel.m in Sources */,
				CCE0EE2119B0455D00DE2E0B /* SunViewController.m in Sources */,
			);
			runOnlyForDeploymentPostprocessing = 0;
		};
		CCE0EE0419B0453900DE2E0B /* Sources */ = {
			isa = PBXSourcesBuildPhase;
			buildActionMask = 2147483647;
			files = (
				CCE0EE1619B0453900DE2E0B /* rtlabelTests.m in Sources */,
			);
			runOnlyForDeploymentPostprocessing = 0;
		};
/* End PBXSourcesBuildPhase section */

/* Begin PBXTargetDependency section */
		CCE0EE0E19B0453900DE2E0B /* PBXTargetDependency */ = {
			isa = PBXTargetDependency;
			target = CCE0EDEC19B0453900DE2E0B /* rtlabel */;
			targetProxy = CCE0EE0D19B0453900DE2E0B /* PBXContainerItemProxy */;
		};
/* End PBXTargetDependency section */

/* Begin PBXVariantGroup section */
		CCE0EDF919B0453900DE2E0B /* InfoPlist.strings */ = {
			isa = PBXVariantGroup;
			children = (
				CCE0EDFA19B0453900DE2E0B /* en */,
			);
			name = InfoPlist.strings;
			sourceTree = "<group>";
		};
		CCE0EE1219B0453900DE2E0B /* InfoPlist.strings */ = {
			isa = PBXVariantGroup;
			children = (
				CCE0EE1319B0453900DE2E0B /* en */,
			);
			name = InfoPlist.strings;
			sourceTree = "<group>";
		};
/* End PBXVariantGroup section */

/* Begin XCBuildConfiguration section */
		CCE0EE1719B0453900DE2E0B /* Debug */ = {
			isa = XCBuildConfiguration;
			buildSettings = {
				ALWAYS_SEARCH_USER_PATHS = NO;
				CLANG_CXX_LANGUAGE_STANDARD = "gnu++0x";
				CLANG_CXX_LIBRARY = "libc++";
				CLANG_ENABLE_MODULES = YES;
				CLANG_ENABLE_OBJC_ARC = YES;
				CLANG_WARN_BOOL_CONVERSION = YES;
				CLANG_WARN_CONSTANT_CONVERSION = YES;
				CLANG_WARN_DIRECT_OBJC_ISA_USAGE = YES_ERROR;
				CLANG_WARN_EMPTY_BODY = YES;
				CLANG_WARN_ENUM_CONVERSION = YES;
				CLANG_WARN_INT_CONVERSION = YES;
				CLANG_WARN_OBJC_ROOT_CLASS = YES_ERROR;
				CLANG_WARN__DUPLICATE_METHOD_MATCH = YES;
				"CODE_SIGN_IDENTITY[sdk=iphoneos*]" = "iPhone Developer";
				COPY_PHASE_STRIP = NO;
				GCC_C_LANGUAGE_STANDARD = gnu99;
				GCC_DYNAMIC_NO_PIC = NO;
				GCC_OPTIMIZATION_LEVEL = 0;
				GCC_PREPROCESSOR_DEFINITIONS = (
					"DEBUG=1",
					"$(inherited)",
				);
				GCC_SYMBOLS_PRIVATE_EXTERN = NO;
				GCC_WARN_64_TO_32_BIT_CONVERSION = YES;
				GCC_WARN_ABOUT_RETURN_TYPE = YES_ERROR;
				GCC_WARN_UNDECLARED_SELECTOR = YES;
				GCC_WARN_UNINITIALIZED_AUTOS = YES_AGGRESSIVE;
				GCC_WARN_UNUSED_FUNCTION = YES;
				GCC_WARN_UNUSED_VARIABLE = YES;
				IPHONEOS_DEPLOYMENT_TARGET = 7.1;
				ONLY_ACTIVE_ARCH = YES;
				SDKROOT = iphoneos;
				TARGETED_DEVICE_FAMILY = "1,2";
			};
			name = Debug;
		};
		CCE0EE1819B0453900DE2E0B /* Release */ = {
			isa = XCBuildConfiguration;
			buildSettings = {
				ALWAYS_SEARCH_USER_PATHS = NO;
				CLANG_CXX_LANGUAGE_STANDARD = "gnu++0x";
				CLANG_CXX_LIBRARY = "libc++";
				CLANG_ENABLE_MODULES = YES;
				CLANG_ENABLE_OBJC_ARC = YES;
				CLANG_WARN_BOOL_CONVERSION = YES;
				CLANG_WARN_CONSTANT_CONVERSION = YES;
				CLANG_WARN_DIRECT_OBJC_ISA_USAGE = YES_ERROR;
				CLANG_WARN_EMPTY_BODY = YES;
				CLANG_WARN_ENUM_CONVERSION = YES;
				CLANG_WARN_INT_CONVERSION = YES;
				CLANG_WARN_OBJC_ROOT_CLASS = YES_ERROR;
				CLANG_WARN__DUPLICATE_METHOD_MATCH = YES;
				"CODE_SIGN_IDENTITY[sdk=iphoneos*]" = "iPhone Developer";
				COPY_PHASE_STRIP = YES;
				ENABLE_NS_ASSERTIONS = NO;
				GCC_C_LANGUAGE_STANDARD = gnu99;
				GCC_WARN_64_TO_32_BIT_CONVERSION = YES;
				GCC_WARN_ABOUT_RETURN_TYPE = YES_ERROR;
				GCC_WARN_UNDECLARED_SELECTOR = YES;
				GCC_WARN_UNINITIALIZED_AUTOS = YES_AGGRESSIVE;
				GCC_WARN_UNUSED_FUNCTION = YES;
				GCC_WARN_UNUSED_VARIABLE = YES;
				IPHONEOS_DEPLOYMENT_TARGET = 7.1;
				SDKROOT = iphoneos;
				TARGETED_DEVICE_FAMILY = "1,2";
				VALIDATE_PRODUCT = YES;
			};
			name = Release;
		};
		CCE0EE1A19B0453900DE2E0B /* Debug */ = {
			isa = XCBuildConfiguration;
			buildSettings = {
				ASSETCATALOG_COMPILER_APPICON_NAME = AppIcon;
				ASSETCATALOG_COMPILER_LAUNCHIMAGE_NAME = LaunchImage;
				GCC_PRECOMPILE_PREFIX_HEADER = YES;
				GCC_PREFIX_HEADER = "rtlabel/rtlabel-Prefix.pch";
				INFOPLIST_FILE = "rtlabel/rtlabel-Info.plist";
				PRODUCT_NAME = "$(TARGET_NAME)";
				WRAPPER_EXTENSION = app;
			};
			name = Debug;
		};
		CCE0EE1B19B0453900DE2E0B /* Release */ = {
			isa = XCBuildConfiguration;
			buildSettings = {
				ASSETCATALOG_COMPILER_APPICON_NAME = AppIcon;
				ASSETCATALOG_COMPILER_LAUNCHIMAGE_NAME = LaunchImage;
				GCC_PRECOMPILE_PREFIX_HEADER = YES;
				GCC_PREFIX_HEADER = "rtlabel/rtlabel-Prefix.pch";
				INFOPLIST_FILE = "rtlabel/rtlabel-Info.plist";
				PRODUCT_NAME = "$(TARGET_NAME)";
				WRAPPER_EXTENSION = app;
			};
			name = Release;
		};
		CCE0EE1D19B0453900DE2E0B /* Debug */ = {
			isa = XCBuildConfiguration;
			buildSettings = {
				BUNDLE_LOADER = "$(BUILT_PRODUCTS_DIR)/rtlabel.app/rtlabel";
				FRAMEWORK_SEARCH_PATHS = (
					"$(SDKROOT)/Developer/Library/Frameworks",
					"$(inherited)",
					"$(DEVELOPER_FRAMEWORKS_DIR)",
				);
				GCC_PRECOMPILE_PREFIX_HEADER = YES;
				GCC_PREFIX_HEADER = "rtlabel/rtlabel-Prefix.pch";
				GCC_PREPROCESSOR_DEFINITIONS = (
					"DEBUG=1",
					"$(inherited)",
				);
				INFOPLIST_FILE = "rtlabelTests/rtlabelTests-Info.plist";
				PRODUCT_NAME = "$(TARGET_NAME)";
				TEST_HOST = "$(BUNDLE_LOADER)";
				WRAPPER_EXTENSION = xctest;
			};
			name = Debug;
		};
		CCE0EE1E19B0453900DE2E0B /* Release */ = {
			isa = XCBuildConfiguration;
			buildSettings = {
				BUNDLE_LOADER = "$(BUILT_PRODUCTS_DIR)/rtlabel.app/rtlabel";
				FRAMEWORK_SEARCH_PATHS = (
					"$(SDKROOT)/Developer/Library/Frameworks",
					"$(inherited)",
					"$(DEVELOPER_FRAMEWORKS_DIR)",
				);
				GCC_PRECOMPILE_PREFIX_HEADER = YES;
				GCC_PREFIX_HEADER = "rtlabel/rtlabel-Prefix.pch";
				INFOPLIST_FILE = "rtlabelTests/rtlabelTests-Info.plist";
				PRODUCT_NAME = "$(TARGET_NAME)";
				TEST_HOST = "$(BUNDLE_LOADER)";
				WRAPPER_EXTENSION = xctest;
			};
			name = Release;
		};
/* End XCBuildConfiguration section */

/* Begin XCConfigurationList section */
		CCE0EDE819B0453900DE2E0B /* Build configuration list for PBXProject "rtlabel" */ = {
			isa = XCConfigurationList;
			buildConfigurations = (
				CCE0EE1719B0453900DE2E0B /* Debug */,
				CCE0EE1819B0453900DE2E0B /* Release */,
			);
			defaultConfigurationIsVisible = 0;
			defaultConfigurationName = Release;
		};
		CCE0EE1919B0453900DE2E0B /* Build configuration list for PBXNativeTarget "rtlabel" */ = {
			isa = XCConfigurationList;
			buildConfigurations = (
				CCE0EE1A19B0453900DE2E0B /* Debug */,
				CCE0EE1B19B0453900DE2E0B /* Release */,
			);
			defaultConfigurationIsVisible = 0;
			defaultConfigurationName = Release;
		};
		CCE0EE1C19B0453900DE2E0B /* Build configuration list for PBXNativeTarget "rtlabelTests" */ = {
			isa = XCConfigurationList;
			buildConfigurations = (
				CCE0EE1D19B0453900DE2E0B /* Debug */,
				CCE0EE1E19B0453900DE2E0B /* Release */,
			);
			defaultConfigurationIsVisible = 0;
			defaultConfigurationName = Release;
		};
/* End XCConfigurationList section */
	};
	rootObject = CCE0EDE519B0453900DE2E0B /* Project object */;
}
