// !$*UTF8*$!
{
	archiveVersion = 1;
	classes = {
	};
	objectVersion = 46;
	objects = {

/* Begin PBXBuildFile section */
		CC6BDD9819B44B49005F33C0 /* Foundation.framework in Frameworks */ = {isa = PBXBuildFile; fileRef = CC6BDD9719B44B49005F33C0 /* Foundation.framework */; };
		CC6BDD9A19B44B49005F33C0 /* CoreGraphics.framework in Frameworks */ = {isa = PBXBuildFile; fileRef = CC6BDD9919B44B49005F33C0 /* CoreGraphics.framework */; };
		CC6BDD9C19B44B49005F33C0 /* UIKit.framework in Frameworks */ = {isa = PBXBuildFile; fileRef = CC6BDD9B19B44B49005F33C0 /* UIKit.framework */; };
		CC6BDDA219B44B49005F33C0 /* InfoPlist.strings in Resources */ = {isa = PBXBuildFile; fileRef = CC6BDDA019B44B49005F33C0 /* InfoPlist.strings */; };
		CC6BDDA419B44B49005F33C0 /* main.m in Sources */ = {isa = PBXBuildFile; fileRef = CC6BDDA319B44B49005F33C0 /* main.m */; };
		CC6BDDA819B44B49005F33C0 /* AppDelegate.m in Sources */ = {isa = PBXBuildFile; fileRef = CC6BDDA719B44B49005F33C0 /* AppDelegate.m */; };
		CC6BDDAB19B44B49005F33C0 /* Main.storyboard in Resources */ = {isa = PBXBuildFile; fileRef = CC6BDDA919B44B49005F33C0 /* Main.storyboard */; };
		CC6BDDAE19B44B49005F33C0 /* ViewController.m in Sources */ = {isa = PBXBuildFile; fileRef = CC6BDDAD19B44B49005F33C0 /* ViewController.m */; };
		CC6BDDB019B44B49005F33C0 /* Images.xcassets in Resources */ = {isa = PBXBuildFile; fileRef = CC6BDDAF19B44B49005F33C0 /* Images.xcassets */; };
		CC6BDDB719B44B49005F33C0 /* XCTest.framework in Frameworks */ = {isa = PBXBuildFile; fileRef = CC6BDDB619B44B49005F33C0 /* XCTest.framework */; };
		CC6BDDB819B44B49005F33C0 /* Foundation.framework in Frameworks */ = {isa = PBXBuildFile; fileRef = CC6BDD9719B44B49005F33C0 /* Foundation.framework */; };
		CC6BDDB919B44B49005F33C0 /* UIKit.framework in Frameworks */ = {isa = PBXBuildFile; fileRef = CC6BDD9B19B44B49005F33C0 /* UIKit.framework */; };
		CC6BDDC119B44B49005F33C0 /* InfoPlist.strings in Resources */ = {isa = PBXBuildFile; fileRef = CC6BDDBF19B44B49005F33C0 /* InfoPlist.strings */; };
		CC6BDDC319B44B49005F33C0 /* BackGroundModelTests.m in Sources */ = {isa = PBXBuildFile; fileRef = CC6BDDC219B44B49005F33C0 /* BackGroundModelTests.m */; };
		CC6BDDCD19B44B59005F33C0 /* CoreLocation.framework in Frameworks */ = {isa = PBXBuildFile; fileRef = CC6BDDCC19B44B59005F33C0 /* CoreLocation.framework */; };
/* End PBXBuildFile section */

/* Begin PBXContainerItemProxy section */
		CC6BDDBA19B44B49005F33C0 /* PBXContainerItemProxy */ = {
			isa = PBXContainerItemProxy;
			containerPortal = CC6BDD8C19B44B49005F33C0 /* Project object */;
			proxyType = 1;
			remoteGlobalIDString = CC6BDD9319B44B49005F33C0;
			remoteInfo = BackGroundModel;
		};
/* End PBXContainerItemProxy section */

/* Begin PBXFileReference section */
		CC6BDD9419B44B49005F33C0 /* BackGroundModel.app */ = {isa = PBXFileReference; explicitFileType = wrapper.application; includeInIndex = 0; path = BackGroundModel.app; sourceTree = BUILT_PRODUCTS_DIR; };
		CC6BDD9719B44B49005F33C0 /* Foundation.framework */ = {isa = PBXFileReference; lastKnownFileType = wrapper.framework; name = Foundation.framework; path = System/Library/Frameworks/Foundation.framework; sourceTree = SDKROOT; };
		CC6BDD9919B44B49005F33C0 /* CoreGraphics.framework */ = {isa = PBXFileReference; lastKnownFileType = wrapper.framework; name = CoreGraphics.framework; path = System/Library/Frameworks/CoreGraphics.framework; sourceTree = SDKROOT; };
		CC6BDD9B19B44B49005F33C0 /* UIKit.framework */ = {isa = PBXFileReference; lastKnownFileType = wrapper.framework; name = UIKit.framework; path = System/Library/Frameworks/UIKit.framework; sourceTree = SDKROOT; };
		CC6BDD9F19B44B49005F33C0 /* BackGroundModel-Info.plist */ = {isa = PBXFileReference; lastKnownFileType = text.plist.xml; path = "BackGroundModel-Info.plist"; sourceTree = "<group>"; };
		CC6BDDA119B44B49005F33C0 /* en */ = {isa = PBXFileReference; lastKnownFileType = text.plist.strings; name = en; path = en.lproj/InfoPlist.strings; sourceTree = "<group>"; };
		CC6BDDA319B44B49005F33C0 /* main.m */ = {isa = PBXFileReference; lastKnownFileType = sourcecode.c.objc; path = main.m; sourceTree = "<group>"; };
		CC6BDDA519B44B49005F33C0 /* BackGroundModel-Prefix.pch */ = {isa = PBXFileReference; lastKnownFileType = sourcecode.c.h; path = "BackGroundModel-Prefix.pch"; sourceTree = "<group>"; };
		CC6BDDA619B44B49005F33C0 /* AppDelegate.h */ = {isa = PBXFileReference; lastKnownFileType = sourcecode.c.h; path = AppDelegate.h; sourceTree = "<group>"; };
		CC6BDDA719B44B49005F33C0 /* AppDelegate.m */ = {isa = PBXFileReference; lastKnownFileType = sourcecode.c.objc; path = AppDelegate.m; sourceTree = "<group>"; };
		CC6BDDAA19B44B49005F33C0 /* Base */ = {isa = PBXFileReference; lastKnownFileType = file.storyboard; name = Base; path = Base.lproj/Main.storyboard; sourceTree = "<group>"; };
		CC6BDDAC19B44B49005F33C0 /* ViewController.h */ = {isa = PBXFileReference; lastKnownFileType = sourcecode.c.h; path = ViewController.h; sourceTree = "<group>"; };
		CC6BDDAD19B44B49005F33C0 /* ViewController.m */ = {isa = PBXFileReference; lastKnownFileType = sourcecode.c.objc; path = ViewController.m; sourceTree = "<group>"; };
		CC6BDDAF19B44B49005F33C0 /* Images.xcassets */ = {isa = PBXFileReference; lastKnownFileType = folder.assetcatalog; path = Images.xcassets; sourceTree = "<group>"; };
		CC6BDDB519B44B49005F33C0 /* BackGroundModelTests.xctest */ = {isa = PBXFileReference; explicitFileType = wrapper.cfbundle; includeInIndex = 0; path = BackGroundModelTests.xctest; sourceTree = BUILT_PRODUCTS_DIR; };
		CC6BDDB619B44B49005F33C0 /* XCTest.framework */ = {isa = PBXFileReference; lastKnownFileType = wrapper.framework; name = XCTest.framework; path = Library/Frameworks/XCTest.framework; sourceTree = DEVELOPER_DIR; };
		CC6BDDBE19B44B49005F33C0 /* BackGroundModelTests-Info.plist */ = {isa = PBXFileReference; lastKnownFileType = text.plist.xml; path = "BackGroundModelTests-Info.plist"; sourceTree = "<group>"; };
		CC6BDDC019B44B49005F33C0 /* en */ = {isa = PBXFileReference; lastKnownFileType = text.plist.strings; name = en; path = en.lproj/InfoPlist.strings; sourceTree = "<group>"; };
		CC6BDDC219B44B49005F33C0 /* BackGroundModelTests.m */ = {isa = PBXFileReference; lastKnownFileType = sourcecode.c.objc; path = BackGroundModelTests.m; sourceTree = "<group>"; };
		CC6BDDCC19B44B59005F33C0 /* CoreLocation.framework */ = {isa = PBXFileReference; lastKnownFileType = wrapper.framework; name = CoreLocation.framework; path = System/Library/Frameworks/CoreLocation.framework; sourceTree = SDKROOT; };
/* End PBXFileReference section */

/* Begin PBXFrameworksBuildPhase section */
		CC6BDD9119B44B49005F33C0 /* Frameworks */ = {
			isa = PBXFrameworksBuildPhase;
			buildActionMask = 2147483647;
			files = (
				CC6BDDCD19B44B59005F33C0 /* CoreLocation.framework in Frameworks */,
				CC6BDD9A19B44B49005F33C0 /* CoreGraphics.framework in Frameworks */,
				CC6BDD9C19B44B49005F33C0 /* UIKit.framework in Frameworks */,
				CC6BDD9819B44B49005F33C0 /* Foundation.framework in Frameworks */,
			);
			runOnlyForDeploymentPostprocessing = 0;
		};
		CC6BDDB219B44B49005F33C0 /* Frameworks */ = {
			isa = PBXFrameworksBuildPhase;
			buildActionMask = 2147483647;
			files = (
				CC6BDDB719B44B49005F33C0 /* XCTest.framework in Frameworks */,
				CC6BDDB919B44B49005F33C0 /* UIKit.framework in Frameworks */,
				CC6BDDB819B44B49005F33C0 /* Foundation.framework in Frameworks */,
			);
			runOnlyForDeploymentPostprocessing = 0;
		};
/* End PBXFrameworksBuildPhase section */

/* Begin PBXGroup section */
		CC6BDD8B19B44B49005F33C0 = {
			isa = PBXGroup;
			children = (
				CC6BDD9D19B44B49005F33C0 /* BackGroundModel */,
				CC6BDDBC19B44B49005F33C0 /* BackGroundModelTests */,
				CC6BDD9619B44B49005F33C0 /* Frameworks */,
				CC6BDD9519B44B49005F33C0 /* Products */,
			);
			sourceTree = "<group>";
		};
		CC6BDD9519B44B49005F33C0 /* Products */ = {
			isa = PBXGroup;
			children = (
				CC6BDD9419B44B49005F33C0 /* BackGroundModel.app */,
				CC6BDDB519B44B49005F33C0 /* BackGroundModelTests.xctest */,
			);
			name = Products;
			sourceTree = "<group>";
		};
		CC6BDD9619B44B49005F33C0 /* Frameworks */ = {
			isa = PBXGroup;
			children = (
				CC6BDDCC19B44B59005F33C0 /* CoreLocation.framework */,
				CC6BDD9719B44B49005F33C0 /* Foundation.framework */,
				CC6BDD9919B44B49005F33C0 /* CoreGraphics.framework */,
				CC6BDD9B19B44B49005F33C0 /* UIKit.framework */,
				CC6BDDB619B44B49005F33C0 /* XCTest.framework */,
			);
			name = Frameworks;
			sourceTree = "<group>";
		};
		CC6BDD9D19B44B49005F33C0 /* BackGroundModel */ = {
			isa = PBXGroup;
			children = (
				CC6BDDA619B44B49005F33C0 /* AppDelegate.h */,
				CC6BDDA719B44B49005F33C0 /* AppDelegate.m */,
				CC6BDDA919B44B49005F33C0 /* Main.storyboard */,
				CC6BDDAC19B44B49005F33C0 /* ViewController.h */,
				CC6BDDAD19B44B49005F33C0 /* ViewController.m */,
				CC6BDDAF19B44B49005F33C0 /* Images.xcassets */,
				CC6BDD9E19B44B49005F33C0 /* Supporting Files */,
			);
			path = BackGroundModel;
			sourceTree = "<group>";
		};
		CC6BDD9E19B44B49005F33C0 /* Supporting Files */ = {
			isa = PBXGroup;
			children = (
				CC6BDD9F19B44B49005F33C0 /* BackGroundModel-Info.plist */,
				CC6BDDA019B44B49005F33C0 /* InfoPlist.strings */,
				CC6BDDA319B44B49005F33C0 /* main.m */,
				CC6BDDA519B44B49005F33C0 /* BackGroundModel-Prefix.pch */,
			);
			name = "Supporting Files";
			sourceTree = "<group>";
		};
		CC6BDDBC19B44B49005F33C0 /* BackGroundModelTests */ = {
			isa = PBXGroup;
			children = (
				CC6BDDC219B44B49005F33C0 /* BackGroundModelTests.m */,
				CC6BDDBD19B44B49005F33C0 /* Supporting Files */,
			);
			path = BackGroundModelTests;
			sourceTree = "<group>";
		};
		CC6BDDBD19B44B49005F33C0 /* Supporting Files */ = {
			isa = PBXGroup;
			children = (
				CC6BDDBE19B44B49005F33C0 /* BackGroundModelTests-Info.plist */,
				CC6BDDBF19B44B49005F33C0 /* InfoPlist.strings */,
			);
			name = "Supporting Files";
			sourceTree = "<group>";
		};
/* End PBXGroup section */

/* Begin PBXNativeTarget section */
		CC6BDD9319B44B49005F33C0 /* BackGroundModel */ = {
			isa = PBXNativeTarget;
			buildConfigurationList = CC6BDDC619B44B49005F33C0 /* Build configuration list for PBXNativeTarget "BackGroundModel" */;
			buildPhases = (
				CC6BDD9019B44B49005F33C0 /* Sources */,
				CC6BDD9119B44B49005F33C0 /* Frameworks */,
				CC6BDD9219B44B49005F33C0 /* Resources */,
			);
			buildRules = (
			);
			dependencies = (
			);
			name = BackGroundModel;
			productName = BackGroundModel;
			productReference = CC6BDD9419B44B49005F33C0 /* BackGroundModel.app */;
			productType = "com.apple.product-type.application";
		};
		CC6BDDB419B44B49005F33C0 /* BackGroundModelTests */ = {
			isa = PBXNativeTarget;
			buildConfigurationList = CC6BDDC919B44B49005F33C0 /* Build configuration list for PBXNativeTarget "BackGroundModelTests" */;
			buildPhases = (
				CC6BDDB119B44B49005F33C0 /* Sources */,
				CC6BDDB219B44B49005F33C0 /* Frameworks */,
				CC6BDDB319B44B49005F33C0 /* Resources */,
			);
			buildRules = (
			);
			dependencies = (
				CC6BDDBB19B44B49005F33C0 /* PBXTargetDependency */,
			);
			name = BackGroundModelTests;
			productName = BackGroundModelTests;
			productReference = CC6BDDB519B44B49005F33C0 /* BackGroundModelTests.xctest */;
			productType = "com.apple.product-type.bundle.unit-test";
		};
/* End PBXNativeTarget section */

/* Begin PBXProject section */
		CC6BDD8C19B44B49005F33C0 /* Project object */ = {
			isa = PBXProject;
			attributes = {
				LastUpgradeCheck = 0510;
				ORGANIZATIONNAME = "河南青云信息技术有限公司";
				TargetAttributes = {
					CC6BDD9319B44B49005F33C0 = {
						SystemCapabilities = {
							com.apple.BackgroundModes = {
								enabled = 1;
							};
						};
					};
					CC6BDDB419B44B49005F33C0 = {
						TestTargetID = CC6BDD9319B44B49005F33C0;
					};
				};
			};
			buildConfigurationList = CC6BDD8F19B44B49005F33C0 /* Build configuration list for PBXProject "BackGroundModel" */;
			compatibilityVersion = "Xcode 3.2";
			developmentRegion = English;
			hasScannedForEncodings = 0;
			knownRegions = (
				en,
				Base,
			);
			mainGroup = CC6BDD8B19B44B49005F33C0;
			productRefGroup = CC6BDD9519B44B49005F33C0 /* Products */;
			projectDirPath = "";
			projectRoot = "";
			targets = (
				CC6BDD9319B44B49005F33C0 /* BackGroundModel */,
				CC6BDDB419B44B49005F33C0 /* BackGroundModelTests */,
			);
		};
/* End PBXProject section */

/* Begin PBXResourcesBuildPhase section */
		CC6BDD9219B44B49005F33C0 /* Resources */ = {
			isa = PBXResourcesBuildPhase;
			buildActionMask = 2147483647;
			files = (
				CC6BDDB019B44B49005F33C0 /* Images.xcassets in Resources */,
				CC6BDDA219B44B49005F33C0 /* InfoPlist.strings in Resources */,
				CC6BDDAB19B44B49005F33C0 /* Main.storyboard in Resources */,
			);
			runOnlyForDeploymentPostprocessing = 0;
		};
		CC6BDDB319B44B49005F33C0 /* Resources */ = {
			isa = PBXResourcesBuildPhase;
			buildActionMask = 2147483647;
			files = (
				CC6BDDC119B44B49005F33C0 /* InfoPlist.strings in Resources */,
			);
			runOnlyForDeploymentPostprocessing = 0;
		};
/* End PBXResourcesBuildPhase section */

/* Begin PBXSourcesBuildPhase section */
		CC6BDD9019B44B49005F33C0 /* Sources */ = {
			isa = PBXSourcesBuildPhase;
			buildActionMask = 2147483647;
			files = (
				CC6BDDAE19B44B49005F33C0 /* ViewController.m in Sources */,
				CC6BDDA819B44B49005F33C0 /* AppDelegate.m in Sources */,
				CC6BDDA419B44B49005F33C0 /* main.m in Sources */,
			);
			runOnlyForDeploymentPostprocessing = 0;
		};
		CC6BDDB119B44B49005F33C0 /* Sources */ = {
			isa = PBXSourcesBuildPhase;
			buildActionMask = 2147483647;
			files = (
				CC6BDDC319B44B49005F33C0 /* BackGroundModelTests.m in Sources */,
			);
			runOnlyForDeploymentPostprocessing = 0;
		};
/* End PBXSourcesBuildPhase section */

/* Begin PBXTargetDependency section */
		CC6BDDBB19B44B49005F33C0 /* PBXTargetDependency */ = {
			isa = PBXTargetDependency;
			target = CC6BDD9319B44B49005F33C0 /* BackGroundModel */;
			targetProxy = CC6BDDBA19B44B49005F33C0 /* PBXContainerItemProxy */;
		};
/* End PBXTargetDependency section */

/* Begin PBXVariantGroup section */
		CC6BDDA019B44B49005F33C0 /* InfoPlist.strings */ = {
			isa = PBXVariantGroup;
			children = (
				CC6BDDA119B44B49005F33C0 /* en */,
			);
			name = InfoPlist.strings;
			sourceTree = "<group>";
		};
		CC6BDDA919B44B49005F33C0 /* Main.storyboard */ = {
			isa = PBXVariantGroup;
			children = (
				CC6BDDAA19B44B49005F33C0 /* Base */,
			);
			name = Main.storyboard;
			sourceTree = "<group>";
		};
		CC6BDDBF19B44B49005F33C0 /* InfoPlist.strings */ = {
			isa = PBXVariantGroup;
			children = (
				CC6BDDC019B44B49005F33C0 /* en */,
			);
			name = InfoPlist.strings;
			sourceTree = "<group>";
		};
/* End PBXVariantGroup section */

/* Begin XCBuildConfiguration section */
		CC6BDDC419B44B49005F33C0 /* Debug */ = {
			isa = XCBuildConfiguration;
			buildSettings = {
				ALWAYS_SEARCH_USER_PATHS = NO;
				CLANG_CXX_LANGUAGE_STANDARD = "gnu++0x";
				CLANG_CXX_LIBRARY = "libc++";
				CLANG_ENABLE_MODULES = YES;
				CLANG_ENABLE_OBJC_ARC = YES;
				CLANG_WARN_BOOL_CONVERSION = YES;
				CLANG_WARN_CONSTANT_CONVERSION = YES;
				CLANG_WARN_DIRECT_OBJC_ISA_USAGE = YES_ERROR;
				CLANG_WARN_EMPTY_BODY = YES;
				CLANG_WARN_ENUM_CONVERSION = YES;
				CLANG_WARN_INT_CONVERSION = YES;
				CLANG_WARN_OBJC_ROOT_CLASS = YES_ERROR;
				CLANG_WARN__DUPLICATE_METHOD_MATCH = YES;
				"CODE_SIGN_IDENTITY[sdk=iphoneos*]" = "iPhone Developer";
				COPY_PHASE_STRIP = NO;
				GCC_C_LANGUAGE_STANDARD = gnu99;
				GCC_DYNAMIC_NO_PIC = NO;
				GCC_OPTIMIZATION_LEVEL = 0;
				GCC_PREPROCESSOR_DEFINITIONS = (
					"DEBUG=1",
					"$(inherited)",
				);
				GCC_SYMBOLS_PRIVATE_EXTERN = NO;
				GCC_WARN_64_TO_32_BIT_CONVERSION = YES;
				GCC_WARN_ABOUT_RETURN_TYPE = YES_ERROR;
				GCC_WARN_UNDECLARED_SELECTOR = YES;
				GCC_WARN_UNINITIALIZED_AUTOS = YES_AGGRESSIVE;
				GCC_WARN_UNUSED_FUNCTION = YES;
				GCC_WARN_UNUSED_VARIABLE = YES;
				IPHONEOS_DEPLOYMENT_TARGET = 7.1;
				ONLY_ACTIVE_ARCH = YES;
				SDKROOT = iphoneos;
			};
			name = Debug;
		};
		CC6BDDC519B44B49005F33C0 /* Release */ = {
			isa = XCBuildConfiguration;
			buildSettings = {
				ALWAYS_SEARCH_USER_PATHS = NO;
				CLANG_CXX_LANGUAGE_STANDARD = "gnu++0x";
				CLANG_CXX_LIBRARY = "libc++";
				CLANG_ENABLE_MODULES = YES;
				CLANG_ENABLE_OBJC_ARC = YES;
				CLANG_WARN_BOOL_CONVERSION = YES;
				CLANG_WARN_CONSTANT_CONVERSION = YES;
				CLANG_WARN_DIRECT_OBJC_ISA_USAGE = YES_ERROR;
				CLANG_WARN_EMPTY_BODY = YES;
				CLANG_WARN_ENUM_CONVERSION = YES;
				CLANG_WARN_INT_CONVERSION = YES;
				CLANG_WARN_OBJC_ROOT_CLASS = YES_ERROR;
				CLANG_WARN__DUPLICATE_METHOD_MATCH = YES;
				"CODE_SIGN_IDENTITY[sdk=iphoneos*]" = "iPhone Developer";
				COPY_PHASE_STRIP = YES;
				ENABLE_NS_ASSERTIONS = NO;
				GCC_C_LANGUAGE_STANDARD = gnu99;
				GCC_WARN_64_TO_32_BIT_CONVERSION = YES;
				GCC_WARN_ABOUT_RETURN_TYPE = YES_ERROR;
				GCC_WARN_UNDECLARED_SELECTOR = YES;
				GCC_WARN_UNINITIALIZED_AUTOS = YES_AGGRESSIVE;
				GCC_WARN_UNUSED_FUNCTION = YES;
				GCC_WARN_UNUSED_VARIABLE = YES;
				IPHONEOS_DEPLOYMENT_TARGET = 7.1;
				SDKROOT = iphoneos;
				VALIDATE_PRODUCT = YES;
			};
			name = Release;
		};
		CC6BDDC719B44B49005F33C0 /* Debug */ = {
			isa = XCBuildConfiguration;
			buildSettings = {
				ASSETCATALOG_COMPILER_APPICON_NAME = AppIcon;
				ASSETCATALOG_COMPILER_LAUNCHIMAGE_NAME = LaunchImage;
				GCC_PRECOMPILE_PREFIX_HEADER = YES;
				GCC_PREFIX_HEADER = "BackGroundModel/BackGroundModel-Prefix.pch";
				INFOPLIST_FILE = "BackGroundModel/BackGroundModel-Info.plist";
				PRODUCT_NAME = "$(TARGET_NAME)";
				WRAPPER_EXTENSION = app;
			};
			name = Debug;
		};
		CC6BDDC819B44B49005F33C0 /* Release */ = {
			isa = XCBuildConfiguration;
			buildSettings = {
				ASSETCATALOG_COMPILER_APPICON_NAME = AppIcon;
				ASSETCATALOG_COMPILER_LAUNCHIMAGE_NAME = LaunchImage;
				GCC_PRECOMPILE_PREFIX_HEADER = YES;
				GCC_PREFIX_HEADER = "BackGroundModel/BackGroundModel-Prefix.pch";
				INFOPLIST_FILE = "BackGroundModel/BackGroundModel-Info.plist";
				PRODUCT_NAME = "$(TARGET_NAME)";
				WRAPPER_EXTENSION = app;
			};
			name = Release;
		};
		CC6BDDCA19B44B49005F33C0 /* Debug */ = {
			isa = XCBuildConfiguration;
			buildSettings = {
				BUNDLE_LOADER = "$(BUILT_PRODUCTS_DIR)/BackGroundModel.app/BackGroundModel";
				FRAMEWORK_SEARCH_PATHS = (
					"$(SDKROOT)/Developer/Library/Frameworks",
					"$(inherited)",
					"$(DEVELOPER_FRAMEWORKS_DIR)",
				);
				GCC_PRECOMPILE_PREFIX_HEADER = YES;
				GCC_PREFIX_HEADER = "BackGroundModel/BackGroundModel-Prefix.pch";
				GCC_PREPROCESSOR_DEFINITIONS = (
					"DEBUG=1",
					"$(inherited)",
				);
				INFOPLIST_FILE = "BackGroundModelTests/BackGroundModelTests-Info.plist";
				PRODUCT_NAME = "$(TARGET_NAME)";
				TEST_HOST = "$(BUNDLE_LOADER)";
				WRAPPER_EXTENSION = xctest;
			};
			name = Debug;
		};
		CC6BDDCB19B44B49005F33C0 /* Release */ = {
			isa = XCBuildConfiguration;
			buildSettings = {
				BUNDLE_LOADER = "$(BUILT_PRODUCTS_DIR)/BackGroundModel.app/BackGroundModel";
				FRAMEWORK_SEARCH_PATHS = (
					"$(SDKROOT)/Developer/Library/Frameworks",
					"$(inherited)",
					"$(DEVELOPER_FRAMEWORKS_DIR)",
				);
				GCC_PRECOMPILE_PREFIX_HEADER = YES;
				GCC_PREFIX_HEADER = "BackGroundModel/BackGroundModel-Prefix.pch";
				INFOPLIST_FILE = "BackGroundModelTests/BackGroundModelTests-Info.plist";
				PRODUCT_NAME = "$(TARGET_NAME)";
				TEST_HOST = "$(BUNDLE_LOADER)";
				WRAPPER_EXTENSION = xctest;
			};
			name = Release;
		};
/* End XCBuildConfiguration section */

/* Begin XCConfigurationList section */
		CC6BDD8F19B44B49005F33C0 /* Build configuration list for PBXProject "BackGroundModel" */ = {
			isa = XCConfigurationList;
			buildConfigurations = (
				CC6BDDC419B44B49005F33C0 /* Debug */,
				CC6BDDC519B44B49005F33C0 /* Release */,
			);
			defaultConfigurationIsVisible = 0;
			defaultConfigurationName = Release;
		};
		CC6BDDC619B44B49005F33C0 /* Build configuration list for PBXNativeTarget "BackGroundModel" */ = {
			isa = XCConfigurationList;
			buildConfigurations = (
				CC6BDDC719B44B49005F33C0 /* Debug */,
				CC6BDDC819B44B49005F33C0 /* Release */,
			);
			defaultConfigurationIsVisible = 0;
		};
		CC6BDDC919B44B49005F33C0 /* Build configuration list for PBXNativeTarget "BackGroundModelTests" */ = {
			isa = XCConfigurationList;
			buildConfigurations = (
				CC6BDDCA19B44B49005F33C0 /* Debug */,
				CC6BDDCB19B44B49005F33C0 /* Release */,
			);
			defaultConfigurationIsVisible = 0;
		};
/* End XCConfigurationList section */
	};
	rootObject = CC6BDD8C19B44B49005F33C0 /* Project object */;
}
